
Microsoft Visual Studio Solution File, Format Version 12.00
# Visual Studio Version 17
VisualStudioVersion = 17.10.35027.167
MinimumVisualStudioVersion = 10.0.40219.1
Project("{FAE04EC0-301F-11D3-BF4B-00C04F79EFBC}") = "06_Tarea_POO ejecicio", "06_Tarea_POO ejecicio.csproj", "{4F8433EF-2941-4DB4-98ED-7D5297D3B06D}"
EndProject
Global
	GlobalSection(SolutionConfigurationPlatforms) = preSolution
		Debug|Any CPU = Debug|Any CPU
		Release|Any CPU = Release|Any CPU
	EndGlobalSection
	GlobalSection(ProjectConfigurationPlatforms) = postSolution
		{4F8433EF-2941-4DB4-98ED-7D5297D3B06D}.Debug|Any CPU.ActiveCfg = Debug|Any CPU
		{4F8433EF-2941-4DB4-98ED-7D5297D3B06D}.Debug|Any CPU.Build.0 = Debug|Any CPU
		{4F8433EF-2941-4DB4-98ED-7D5297D3B06D}.Release|Any CPU.ActiveCfg = Release|Any CPU
		{4F8433EF-2941-4DB4-98ED-7D5297D3B06D}.Release|Any CPU.Build.0 = Release|Any CPU
	EndGlobalSection
	GlobalSection(SolutionProperties) = preSolution
		HideSolutionNode = FALSE
	EndGlobalSection
	GlobalSection(ExtensibilityGlobals) = postSolution
		SolutionGuid = {EE80A779-A7EA-4C56-99F3-DAD9C955BC81}
	EndGlobalSection
EndGlobal
